{
  "name": "modulos-kevmch-client",
  "version": "1.0.0",
  "lockfileVersion": 1,
  "requires": true,
  "dependencies": {
    "@kevmch/oop": {
      "version": "2.0.5",
      "resolved": "https://registry.npmjs.org/@kevmch/oop/-/oop-2.0.5.tgz",
      "integrity": "sha512-F87JTdXXgjNt7k9bbp97DM9FBmclgn5JPs7hDlGkRnQQHgNt3ciaSszXuK218zvH31ghjHM2YbLOUbYTuG0u0Q=="
    }
  }
}
